
Microsoft Visual Studio Solution File, Format Version 12.00
# Visual Studio Version 17
VisualStudioVersion = 17.8.34330.188
MinimumVisualStudioVersion = 10.0.40219.1
Project("{8BC9CEB8-8B4A-11D0-8D11-00A0C91BC942}") = "Program", "Program.vcxproj", "{9367B89A-55F8-4DDD-AF3B-515FCF60B680}"
EndProject
Project("{8BC9CEB8-8B4A-11D0-8D11-00A0C91BC942}") = "Class1th (Single Linked List)", "..\Class1th (Single Linked List)\Class1th (Single Linked List).vcxproj", "{686AB226-50DB-48F3-9ED9-3231AA671485}"
EndProject
Project("{8BC9CEB8-8B4A-11D0-8D11-00A0C91BC942}") = "Class2th (Double Linked List)", "..\Class2th (Double Linked List)\Class2th (Double Linked List).vcxproj", "{760AE44A-C33E-41E6-8C4E-3540B9733D5F}"
EndProject
Project("{8BC9CEB8-8B4A-11D0-8D11-00A0C91BC942}") = "Class3th (Circle Linked List)", "..\Class3th (Circle Linked List)\Class3th (Circle Linked List).vcxproj", "{A182FCBC-5B2D-4017-AE98-DF1598E330C9}"
EndProject
Project("{8BC9CEB8-8B4A-11D0-8D11-00A0C91BC942}") = "Class4th (Stack)", "..\Class4th (Stack)\Class4th (Stack).vcxproj", "{25CF9268-3DC5-40FD-80AA-477482A39B51}"
EndProject
Project("{8BC9CEB8-8B4A-11D0-8D11-00A0C91BC942}") = "Class5th (Linear Queue)", "..\Class5th (Linear Queue)\Class5th (Linear Queue).vcxproj", "{1D11DDA6-662F-43B1-9D54-ED2052B356C7}"
EndProject
Project("{8BC9CEB8-8B4A-11D0-8D11-00A0C91BC942}") = "Class6th (Circle Queue)", "..\Class6th (Circle Queue)\Class6th (Circle Queue).vcxproj", "{BFAA7FC1-5C21-4713-B9DD-FB18FFC499EB}"
EndProject
Project("{8BC9CEB8-8B4A-11D0-8D11-00A0C91BC942}") = "Class7th (Vector)", "..\Class10th (Vector)\Class10th (Vector).vcxproj", "{FAF215C9-76D5-499E-B4ED-67877DF71D0C}"
EndProject
Project("{8BC9CEB8-8B4A-11D0-8D11-00A0C91BC942}") = "Class8th (String)", "..\Class8th (String)\Class8th (String).vcxproj", "{5F004199-8936-40F8-9AE7-8FADC52EF042}"
EndProject
Project("{8BC9CEB8-8B4A-11D0-8D11-00A0C91BC942}") = "Class9th (Hash Table)", "..\Class9th (Hash Table)\Class9th (Hash Table).vcxproj", "{81EE13DC-BB34-4CBD-82B8-71BC435EA12D}"
EndProject
Project("{8BC9CEB8-8B4A-11D0-8D11-00A0C91BC942}") = "Class10th (Binary Tree)", "..\Class10th (Binary Tree)\Class10th (Binary Tree).vcxproj", "{CDCC92AC-E06C-45A3-8217-F0D3F56DF36E}"
EndProject
Global
	GlobalSection(SolutionConfigurationPlatforms) = preSolution
		Debug|x64 = Debug|x64
		Debug|x86 = Debug|x86
		Release|x64 = Release|x64
		Release|x86 = Release|x86
	EndGlobalSection
	GlobalSection(ProjectConfigurationPlatforms) = postSolution
		{9367B89A-55F8-4DDD-AF3B-515FCF60B680}.Debug|x64.ActiveCfg = Debug|x64
		{9367B89A-55F8-4DDD-AF3B-515FCF60B680}.Debug|x64.Build.0 = Debug|x64
		{9367B89A-55F8-4DDD-AF3B-515FCF60B680}.Debug|x86.ActiveCfg = Debug|Win32
		{9367B89A-55F8-4DDD-AF3B-515FCF60B680}.Debug|x86.Build.0 = Debug|Win32
		{9367B89A-55F8-4DDD-AF3B-515FCF60B680}.Release|x64.ActiveCfg = Release|x64
		{9367B89A-55F8-4DDD-AF3B-515FCF60B680}.Release|x64.Build.0 = Release|x64
		{9367B89A-55F8-4DDD-AF3B-515FCF60B680}.Release|x86.ActiveCfg = Release|Win32
		{9367B89A-55F8-4DDD-AF3B-515FCF60B680}.Release|x86.Build.0 = Release|Win32
		{686AB226-50DB-48F3-9ED9-3231AA671485}.Debug|x64.ActiveCfg = Debug|x64
		{686AB226-50DB-48F3-9ED9-3231AA671485}.Debug|x64.Build.0 = Debug|x64
		{686AB226-50DB-48F3-9ED9-3231AA671485}.Debug|x86.ActiveCfg = Debug|Win32
		{686AB226-50DB-48F3-9ED9-3231AA671485}.Debug|x86.Build.0 = Debug|Win32
		{686AB226-50DB-48F3-9ED9-3231AA671485}.Release|x64.ActiveCfg = Release|x64
		{686AB226-50DB-48F3-9ED9-3231AA671485}.Release|x64.Build.0 = Release|x64
		{686AB226-50DB-48F3-9ED9-3231AA671485}.Release|x86.ActiveCfg = Release|Win32
		{686AB226-50DB-48F3-9ED9-3231AA671485}.Release|x86.Build.0 = Release|Win32
		{760AE44A-C33E-41E6-8C4E-3540B9733D5F}.Debug|x64.ActiveCfg = Debug|x64
		{760AE44A-C33E-41E6-8C4E-3540B9733D5F}.Debug|x64.Build.0 = Debug|x64
		{760AE44A-C33E-41E6-8C4E-3540B9733D5F}.Debug|x86.ActiveCfg = Debug|Win32
		{760AE44A-C33E-41E6-8C4E-3540B9733D5F}.Debug|x86.Build.0 = Debug|Win32
		{760AE44A-C33E-41E6-8C4E-3540B9733D5F}.Release|x64.ActiveCfg = Release|x64
		{760AE44A-C33E-41E6-8C4E-3540B9733D5F}.Release|x64.Build.0 = Release|x64
		{760AE44A-C33E-41E6-8C4E-3540B9733D5F}.Release|x86.ActiveCfg = Release|Win32
		{760AE44A-C33E-41E6-8C4E-3540B9733D5F}.Release|x86.Build.0 = Release|Win32
		{A182FCBC-5B2D-4017-AE98-DF1598E330C9}.Debug|x64.ActiveCfg = Debug|x64
		{A182FCBC-5B2D-4017-AE98-DF1598E330C9}.Debug|x64.Build.0 = Debug|x64
		{A182FCBC-5B2D-4017-AE98-DF1598E330C9}.Debug|x86.ActiveCfg = Debug|Win32
		{A182FCBC-5B2D-4017-AE98-DF1598E330C9}.Debug|x86.Build.0 = Debug|Win32
		{A182FCBC-5B2D-4017-AE98-DF1598E330C9}.Release|x64.ActiveCfg = Release|x64
		{A182FCBC-5B2D-4017-AE98-DF1598E330C9}.Release|x64.Build.0 = Release|x64
		{A182FCBC-5B2D-4017-AE98-DF1598E330C9}.Release|x86.ActiveCfg = Release|Win32
		{A182FCBC-5B2D-4017-AE98-DF1598E330C9}.Release|x86.Build.0 = Release|Win32
		{25CF9268-3DC5-40FD-80AA-477482A39B51}.Debug|x64.ActiveCfg = Debug|x64
		{25CF9268-3DC5-40FD-80AA-477482A39B51}.Debug|x64.Build.0 = Debug|x64
		{25CF9268-3DC5-40FD-80AA-477482A39B51}.Debug|x86.ActiveCfg = Debug|Win32
		{25CF9268-3DC5-40FD-80AA-477482A39B51}.Debug|x86.Build.0 = Debug|Win32
		{25CF9268-3DC5-40FD-80AA-477482A39B51}.Release|x64.ActiveCfg = Release|x64
		{25CF9268-3DC5-40FD-80AA-477482A39B51}.Release|x64.Build.0 = Release|x64
		{25CF9268-3DC5-40FD-80AA-477482A39B51}.Release|x86.ActiveCfg = Release|Win32
		{25CF9268-3DC5-40FD-80AA-477482A39B51}.Release|x86.Build.0 = Release|Win32
		{1D11DDA6-662F-43B1-9D54-ED2052B356C7}.Debug|x64.ActiveCfg = Debug|x64
		{1D11DDA6-662F-43B1-9D54-ED2052B356C7}.Debug|x64.Build.0 = Debug|x64
		{1D11DDA6-662F-43B1-9D54-ED2052B356C7}.Debug|x86.ActiveCfg = Debug|Win32
		{1D11DDA6-662F-43B1-9D54-ED2052B356C7}.Debug|x86.Build.0 = Debug|Win32
		{1D11DDA6-662F-43B1-9D54-ED2052B356C7}.Release|x64.ActiveCfg = Release|x64
		{1D11DDA6-662F-43B1-9D54-ED2052B356C7}.Release|x64.Build.0 = Release|x64
		{1D11DDA6-662F-43B1-9D54-ED2052B356C7}.Release|x86.ActiveCfg = Release|Win32
		{1D11DDA6-662F-43B1-9D54-ED2052B356C7}.Release|x86.Build.0 = Release|Win32
		{BFAA7FC1-5C21-4713-B9DD-FB18FFC499EB}.Debug|x64.ActiveCfg = Debug|x64
		{BFAA7FC1-5C21-4713-B9DD-FB18FFC499EB}.Debug|x64.Build.0 = Debug|x64
		{BFAA7FC1-5C21-4713-B9DD-FB18FFC499EB}.Debug|x86.ActiveCfg = Debug|Win32
		{BFAA7FC1-5C21-4713-B9DD-FB18FFC499EB}.Debug|x86.Build.0 = Debug|Win32
		{BFAA7FC1-5C21-4713-B9DD-FB18FFC499EB}.Release|x64.ActiveCfg = Release|x64
		{BFAA7FC1-5C21-4713-B9DD-FB18FFC499EB}.Release|x64.Build.0 = Release|x64
		{BFAA7FC1-5C21-4713-B9DD-FB18FFC499EB}.Release|x86.ActiveCfg = Release|Win32
		{BFAA7FC1-5C21-4713-B9DD-FB18FFC499EB}.Release|x86.Build.0 = Release|Win32
		{FAF215C9-76D5-499E-B4ED-67877DF71D0C}.Debug|x64.ActiveCfg = Debug|x64
		{FAF215C9-76D5-499E-B4ED-67877DF71D0C}.Debug|x64.Build.0 = Debug|x64
		{FAF215C9-76D5-499E-B4ED-67877DF71D0C}.Debug|x86.ActiveCfg = Debug|Win32
		{FAF215C9-76D5-499E-B4ED-67877DF71D0C}.Debug|x86.Build.0 = Debug|Win32
		{FAF215C9-76D5-499E-B4ED-67877DF71D0C}.Release|x64.ActiveCfg = Release|x64
		{FAF215C9-76D5-499E-B4ED-67877DF71D0C}.Release|x64.Build.0 = Release|x64
		{FAF215C9-76D5-499E-B4ED-67877DF71D0C}.Release|x86.ActiveCfg = Release|Win32
		{FAF215C9-76D5-499E-B4ED-67877DF71D0C}.Release|x86.Build.0 = Release|Win32
		{5F004199-8936-40F8-9AE7-8FADC52EF042}.Debug|x64.ActiveCfg = Debug|x64
		{5F004199-8936-40F8-9AE7-8FADC52EF042}.Debug|x64.Build.0 = Debug|x64
		{5F004199-8936-40F8-9AE7-8FADC52EF042}.Debug|x86.ActiveCfg = Debug|Win32
		{5F004199-8936-40F8-9AE7-8FADC52EF042}.Debug|x86.Build.0 = Debug|Win32
		{5F004199-8936-40F8-9AE7-8FADC52EF042}.Release|x64.ActiveCfg = Release|x64
		{5F004199-8936-40F8-9AE7-8FADC52EF042}.Release|x64.Build.0 = Release|x64
		{5F004199-8936-40F8-9AE7-8FADC52EF042}.Release|x86.ActiveCfg = Release|Win32
		{5F004199-8936-40F8-9AE7-8FADC52EF042}.Release|x86.Build.0 = Release|Win32
		{81EE13DC-BB34-4CBD-82B8-71BC435EA12D}.Debug|x64.ActiveCfg = Debug|x64
		{81EE13DC-BB34-4CBD-82B8-71BC435EA12D}.Debug|x64.Build.0 = Debug|x64
		{81EE13DC-BB34-4CBD-82B8-71BC435EA12D}.Debug|x86.ActiveCfg = Debug|Win32
		{81EE13DC-BB34-4CBD-82B8-71BC435EA12D}.Debug|x86.Build.0 = Debug|Win32
		{81EE13DC-BB34-4CBD-82B8-71BC435EA12D}.Release|x64.ActiveCfg = Release|x64
		{81EE13DC-BB34-4CBD-82B8-71BC435EA12D}.Release|x64.Build.0 = Release|x64
		{81EE13DC-BB34-4CBD-82B8-71BC435EA12D}.Release|x86.ActiveCfg = Release|Win32
		{81EE13DC-BB34-4CBD-82B8-71BC435EA12D}.Release|x86.Build.0 = Release|Win32
		{CDCC92AC-E06C-45A3-8217-F0D3F56DF36E}.Debug|x64.ActiveCfg = Debug|x64
		{CDCC92AC-E06C-45A3-8217-F0D3F56DF36E}.Debug|x64.Build.0 = Debug|x64
		{CDCC92AC-E06C-45A3-8217-F0D3F56DF36E}.Debug|x86.ActiveCfg = Debug|Win32
		{CDCC92AC-E06C-45A3-8217-F0D3F56DF36E}.Debug|x86.Build.0 = Debug|Win32
		{CDCC92AC-E06C-45A3-8217-F0D3F56DF36E}.Release|x64.ActiveCfg = Release|x64
		{CDCC92AC-E06C-45A3-8217-F0D3F56DF36E}.Release|x64.Build.0 = Release|x64
		{CDCC92AC-E06C-45A3-8217-F0D3F56DF36E}.Release|x86.ActiveCfg = Release|Win32
		{CDCC92AC-E06C-45A3-8217-F0D3F56DF36E}.Release|x86.Build.0 = Release|Win32
	EndGlobalSection
	GlobalSection(SolutionProperties) = preSolution
		HideSolutionNode = FALSE
	EndGlobalSection
	GlobalSection(ExtensibilityGlobals) = postSolution
		SolutionGuid = {526DECDB-EBD3-457E-814F-42BCCFB46179}
	EndGlobalSection
EndGlobal
