
Microsoft Visual Studio Solution File, Format Version 12.00
# Visual Studio Version 17
VisualStudioVersion = 17.8.34330.188
MinimumVisualStudioVersion = 10.0.40219.1
Project("{8BC9CEB8-8B4A-11D0-8D11-00A0C91BC942}") = "Program", "Program.vcxproj", "{9367B89A-55F8-4DDD-AF3B-515FCF60B680}"
EndProject
Project("{8BC9CEB8-8B4A-11D0-8D11-00A0C91BC942}") = "Class1th (Single Linked List)", "..\Class1th (Single Linked List)\Class1th (Single Linked List).vcxproj", "{686AB226-50DB-48F3-9ED9-3231AA671485}"
EndProject
Project("{8BC9CEB8-8B4A-11D0-8D11-00A0C91BC942}") = "Class2th (Double Linked List)", "..\Class2th (Double Linked List)\Class2th (Double Linked List).vcxproj", "{760AE44A-C33E-41E6-8C4E-3540B9733D5F}"
EndProject
Project("{8BC9CEB8-8B4A-11D0-8D11-00A0C91BC942}") = "Class3th (Circle Linked List)", "..\Class3th (Circle Linked List)\Class3th (Circle Linked List).vcxproj", "{A182FCBC-5B2D-4017-AE98-DF1598E330C9}"
EndProject
Global
	GlobalSection(SolutionConfigurationPlatforms) = preSolution
		Debug|x64 = Debug|x64
		Debug|x86 = Debug|x86
		Release|x64 = Release|x64
		Release|x86 = Release|x86
	EndGlobalSection
	GlobalSection(ProjectConfigurationPlatforms) = postSolution
		{9367B89A-55F8-4DDD-AF3B-515FCF60B680}.Debug|x64.ActiveCfg = Debug|x64
		{9367B89A-55F8-4DDD-AF3B-515FCF60B680}.Debug|x64.Build.0 = Debug|x64
		{9367B89A-55F8-4DDD-AF3B-515FCF60B680}.Debug|x86.ActiveCfg = Debug|Win32
		{9367B89A-55F8-4DDD-AF3B-515FCF60B680}.Debug|x86.Build.0 = Debug|Win32
		{9367B89A-55F8-4DDD-AF3B-515FCF60B680}.Release|x64.ActiveCfg = Release|x64
		{9367B89A-55F8-4DDD-AF3B-515FCF60B680}.Release|x64.Build.0 = Release|x64
		{9367B89A-55F8-4DDD-AF3B-515FCF60B680}.Release|x86.ActiveCfg = Release|Win32
		{9367B89A-55F8-4DDD-AF3B-515FCF60B680}.Release|x86.Build.0 = Release|Win32
		{686AB226-50DB-48F3-9ED9-3231AA671485}.Debug|x64.ActiveCfg = Debug|x64
		{686AB226-50DB-48F3-9ED9-3231AA671485}.Debug|x64.Build.0 = Debug|x64
		{686AB226-50DB-48F3-9ED9-3231AA671485}.Debug|x86.ActiveCfg = Debug|Win32
		{686AB226-50DB-48F3-9ED9-3231AA671485}.Debug|x86.Build.0 = Debug|Win32
		{686AB226-50DB-48F3-9ED9-3231AA671485}.Release|x64.ActiveCfg = Release|x64
		{686AB226-50DB-48F3-9ED9-3231AA671485}.Release|x64.Build.0 = Release|x64
		{686AB226-50DB-48F3-9ED9-3231AA671485}.Release|x86.ActiveCfg = Release|Win32
		{686AB226-50DB-48F3-9ED9-3231AA671485}.Release|x86.Build.0 = Release|Win32
		{760AE44A-C33E-41E6-8C4E-3540B9733D5F}.Debug|x64.ActiveCfg = Debug|x64
		{760AE44A-C33E-41E6-8C4E-3540B9733D5F}.Debug|x64.Build.0 = Debug|x64
		{760AE44A-C33E-41E6-8C4E-3540B9733D5F}.Debug|x86.ActiveCfg = Debug|Win32
		{760AE44A-C33E-41E6-8C4E-3540B9733D5F}.Debug|x86.Build.0 = Debug|Win32
		{760AE44A-C33E-41E6-8C4E-3540B9733D5F}.Release|x64.ActiveCfg = Release|x64
		{760AE44A-C33E-41E6-8C4E-3540B9733D5F}.Release|x64.Build.0 = Release|x64
		{760AE44A-C33E-41E6-8C4E-3540B9733D5F}.Release|x86.ActiveCfg = Release|Win32
		{760AE44A-C33E-41E6-8C4E-3540B9733D5F}.Release|x86.Build.0 = Release|Win32
		{A182FCBC-5B2D-4017-AE98-DF1598E330C9}.Debug|x64.ActiveCfg = Debug|x64
		{A182FCBC-5B2D-4017-AE98-DF1598E330C9}.Debug|x64.Build.0 = Debug|x64
		{A182FCBC-5B2D-4017-AE98-DF1598E330C9}.Debug|x86.ActiveCfg = Debug|Win32
		{A182FCBC-5B2D-4017-AE98-DF1598E330C9}.Debug|x86.Build.0 = Debug|Win32
		{A182FCBC-5B2D-4017-AE98-DF1598E330C9}.Release|x64.ActiveCfg = Release|x64
		{A182FCBC-5B2D-4017-AE98-DF1598E330C9}.Release|x64.Build.0 = Release|x64
		{A182FCBC-5B2D-4017-AE98-DF1598E330C9}.Release|x86.ActiveCfg = Release|Win32
		{A182FCBC-5B2D-4017-AE98-DF1598E330C9}.Release|x86.Build.0 = Release|Win32
	EndGlobalSection
	GlobalSection(SolutionProperties) = preSolution
		HideSolutionNode = FALSE
	EndGlobalSection
	GlobalSection(ExtensibilityGlobals) = postSolution
		SolutionGuid = {526DECDB-EBD3-457E-814F-42BCCFB46179}
	EndGlobalSection
EndGlobal
